
Microsoft Visual Studio Solution File, Format Version 12.00
# Visual Studio Version 16
VisualStudioVersion = 16.0.31005.135
MinimumVisualStudioVersion = 10.0.40219.1
Project("{9A19103F-16F7-4668-BE54-9A1E7A4F7556}") = "NextBikeDataParser", "NextBikeDataParser\NextBikeDataParser.csproj", "{DD9F14BE-A285-4A15-AC2F-E3A407D2003B}"
EndProject
Project("{9A19103F-16F7-4668-BE54-9A1E7A4F7556}") = "FreeturiloWebApi", "FreeturiloWebApi\FreeturiloWebApi.csproj", "{D63883CE-9EA8-4AB5-9ECE-A2A5245318BF}"
EndProject
Project("{9A19103F-16F7-4668-BE54-9A1E7A4F7556}") = "NextBikeApiService", "NextBikeApiService\NextBikeApiService.csproj", "{BFAB9A86-4988-472D-9493-FDDA143A078C}"
EndProject
Project("{9A19103F-16F7-4668-BE54-9A1E7A4F7556}") = "FreeturiloWebApi.Test", "FreeturiloWebApi.Test\FreeturiloWebApi.Test.csproj", "{6FE42D04-4ECD-49D3-8F70-06781EDB5DBE}"
EndProject
Project("{FAE04EC0-301F-11D3-BF4B-00C04F79EFBC}") = "NextBikeDataParser.Test", "NextBikeDataParser.Test\NextBikeDataParser.Test.csproj", "{FA7ED890-CEC8-4A33-8D98-74B964403952}"
EndProject
Global
	GlobalSection(SolutionConfigurationPlatforms) = preSolution
		Debug|Any CPU = Debug|Any CPU
		Release|Any CPU = Release|Any CPU
	EndGlobalSection
	GlobalSection(ProjectConfigurationPlatforms) = postSolution
		{DD9F14BE-A285-4A15-AC2F-E3A407D2003B}.Debug|Any CPU.ActiveCfg = Debug|Any CPU
		{DD9F14BE-A285-4A15-AC2F-E3A407D2003B}.Debug|Any CPU.Build.0 = Debug|Any CPU
		{DD9F14BE-A285-4A15-AC2F-E3A407D2003B}.Release|Any CPU.ActiveCfg = Release|Any CPU
		{DD9F14BE-A285-4A15-AC2F-E3A407D2003B}.Release|Any CPU.Build.0 = Release|Any CPU
		{D63883CE-9EA8-4AB5-9ECE-A2A5245318BF}.Debug|Any CPU.ActiveCfg = Debug|Any CPU
		{D63883CE-9EA8-4AB5-9ECE-A2A5245318BF}.Debug|Any CPU.Build.0 = Debug|Any CPU
		{D63883CE-9EA8-4AB5-9ECE-A2A5245318BF}.Release|Any CPU.ActiveCfg = Release|Any CPU
		{D63883CE-9EA8-4AB5-9ECE-A2A5245318BF}.Release|Any CPU.Build.0 = Release|Any CPU
		{BFAB9A86-4988-472D-9493-FDDA143A078C}.Debug|Any CPU.ActiveCfg = Debug|Any CPU
		{BFAB9A86-4988-472D-9493-FDDA143A078C}.Debug|Any CPU.Build.0 = Debug|Any CPU
		{BFAB9A86-4988-472D-9493-FDDA143A078C}.Release|Any CPU.ActiveCfg = Release|Any CPU
		{BFAB9A86-4988-472D-9493-FDDA143A078C}.Release|Any CPU.Build.0 = Release|Any CPU
		{6FE42D04-4ECD-49D3-8F70-06781EDB5DBE}.Debug|Any CPU.ActiveCfg = Debug|Any CPU
		{6FE42D04-4ECD-49D3-8F70-06781EDB5DBE}.Debug|Any CPU.Build.0 = Debug|Any CPU
		{6FE42D04-4ECD-49D3-8F70-06781EDB5DBE}.Release|Any CPU.ActiveCfg = Release|Any CPU
		{6FE42D04-4ECD-49D3-8F70-06781EDB5DBE}.Release|Any CPU.Build.0 = Release|Any CPU
		{FA7ED890-CEC8-4A33-8D98-74B964403952}.Debug|Any CPU.ActiveCfg = Debug|Any CPU
		{FA7ED890-CEC8-4A33-8D98-74B964403952}.Debug|Any CPU.Build.0 = Debug|Any CPU
		{FA7ED890-CEC8-4A33-8D98-74B964403952}.Release|Any CPU.ActiveCfg = Release|Any CPU
		{FA7ED890-CEC8-4A33-8D98-74B964403952}.Release|Any CPU.Build.0 = Release|Any CPU
	EndGlobalSection
	GlobalSection(SolutionProperties) = preSolution
		HideSolutionNode = FALSE
	EndGlobalSection
	GlobalSection(ExtensibilityGlobals) = postSolution
		SolutionGuid = {C209E189-8C15-4CAA-940A-F969A879DBC0}
	EndGlobalSection
EndGlobal
