
Microsoft Visual Studio Solution File, Format Version 12.00
Project("{FAE04EC0-301F-11D3-BF4B-00C04F79EFBC}") = "FreeturiloRedisWorkerService", "FreeturiloRedisWorkerService\FreeturiloRedisWorkerService.csproj", "{23E5D328-3703-4110-8751-408ACC35250B}"
EndProject
Project("{FAE04EC0-301F-11D3-BF4B-00C04F79EFBC}") = "NextBikeDataParser", "NextBikeDataParser\NextBikeDataParser.csproj", "{DD9F14BE-A285-4A15-AC2F-E3A407D2003B}"
EndProject
Global
	GlobalSection(SolutionConfigurationPlatforms) = preSolution
		Debug|Any CPU = Debug|Any CPU
		Release|Any CPU = Release|Any CPU
	EndGlobalSection
	GlobalSection(ProjectConfigurationPlatforms) = postSolution
		{23E5D328-3703-4110-8751-408ACC35250B}.Debug|Any CPU.ActiveCfg = Debug|Any CPU
		{23E5D328-3703-4110-8751-408ACC35250B}.Debug|Any CPU.Build.0 = Debug|Any CPU
		{23E5D328-3703-4110-8751-408ACC35250B}.Release|Any CPU.ActiveCfg = Release|Any CPU
		{23E5D328-3703-4110-8751-408ACC35250B}.Release|Any CPU.Build.0 = Release|Any CPU
		{DD9F14BE-A285-4A15-AC2F-E3A407D2003B}.Debug|Any CPU.ActiveCfg = Debug|Any CPU
		{DD9F14BE-A285-4A15-AC2F-E3A407D2003B}.Debug|Any CPU.Build.0 = Debug|Any CPU
		{DD9F14BE-A285-4A15-AC2F-E3A407D2003B}.Release|Any CPU.ActiveCfg = Release|Any CPU
		{DD9F14BE-A285-4A15-AC2F-E3A407D2003B}.Release|Any CPU.Build.0 = Release|Any CPU
	EndGlobalSection
EndGlobal
